
Microsoft Visual Studio Solution File, Format Version 12.00
# Visual Studio Version 16
VisualStudioVersion = 16.0.28729.10
MinimumVisualStudioVersion = 10.0.40219.1
Project("{FAE04EC0-301F-11D3-BF4B-00C04F79EFBC}") = "AspNetCoreBook", "AspNetCoreBook\AspNetCoreBook.csproj", "{04E2F064-0D06-4D95-B073-E7D0FB30CD96}"
EndProject
Global
	GlobalSection(SolutionConfigurationPlatforms) = preSolution
		Debug|Any CPU = Debug|Any CPU
		Release|Any CPU = Release|Any CPU
	EndGlobalSection
	GlobalSection(ProjectConfigurationPlatforms) = postSolution
		{04E2F064-0D06-4D95-B073-E7D0FB30CD96}.Debug|Any CPU.ActiveCfg = Debug|Any CPU
		{04E2F064-0D06-4D95-B073-E7D0FB30CD96}.Debug|Any CPU.Build.0 = Debug|Any CPU
		{04E2F064-0D06-4D95-B073-E7D0FB30CD96}.Release|Any CPU.ActiveCfg = Release|Any CPU
		{04E2F064-0D06-4D95-B073-E7D0FB30CD96}.Release|Any CPU.Build.0 = Release|Any CPU
	EndGlobalSection
	GlobalSection(SolutionProperties) = preSolution
		HideSolutionNode = FALSE
	EndGlobalSection
	GlobalSection(ExtensibilityGlobals) = postSolution
		SolutionGuid = {A992A8EF-521E-4CCF-A76A-14C9F84AD91B}
	EndGlobalSection
EndGlobal
